dependencies:
- name: cloudflared
  repository: https://jonasclaes.github.io/helm-cloudflared
  version: 0.1.4
- name: discord-bot
  repository: https://botivater.github.io/charts
  version: 0.3.3
digest: sha256:025a17ff804c942e43e0d08ef0b1a406f06368b6c129a3b798eaaeac2cc9a853
generated: "2022-06-16T18:58:55.647784888+02:00"
