dependencies:
- name: cloudflared
  repository: https://jonasclaes.github.io/helm-cloudflared
  version: 2022.6.3
- name: rabbitmq
  repository: https://charts.bitnami.com/bitnami
  version: 10.1.12
- name: discordbot
  repository: https://botivater.github.io/charts
  version: 2.5.5
- name: api
  repository: https://botivater.github.io/charts
  version: 2.5.7
digest: sha256:3856d4ffcc204746f8741f600e36254709f18df0b17c8c6a80a155468facd296
generated: "2022-07-05T12:54:56.02243276+02:00"
